
Microsoft Visual Studio Solution File, Format Version 12.00
# Visual Studio Version 17
VisualStudioVersion = 17.5.33516.290
MinimumVisualStudioVersion = 10.0.40219.1
Project("{FAE04EC0-301F-11D3-BF4B-00C04F79EFBC}") = "TestApp", "TestApp\TestApp.csproj", "{68DF41EE-D4B4-4172-9794-668D0B0D8DB4}"
EndProject
Global
	GlobalSection(SolutionConfigurationPlatforms) = preSolution
		Debug|Any CPU = Debug|Any CPU
		Release|Any CPU = Release|Any CPU
	EndGlobalSection
	GlobalSection(ProjectConfigurationPlatforms) = postSolution
		{68DF41EE-D4B4-4172-9794-668D0B0D8DB4}.Debug|Any CPU.ActiveCfg = Debug|Any CPU
		{68DF41EE-D4B4-4172-9794-668D0B0D8DB4}.Debug|Any CPU.Build.0 = Debug|Any CPU
		{68DF41EE-D4B4-4172-9794-668D0B0D8DB4}.Release|Any CPU.ActiveCfg = Release|Any CPU
		{68DF41EE-D4B4-4172-9794-668D0B0D8DB4}.Release|Any CPU.Build.0 = Release|Any CPU
	EndGlobalSection
	GlobalSection(SolutionProperties) = preSolution
		HideSolutionNode = FALSE
	EndGlobalSection
	GlobalSection(ExtensibilityGlobals) = postSolution
		SolutionGuid = {F515D0AE-F9F7-4CCF-9693-F07E6BC9ADE1}
	EndGlobalSection
EndGlobal
